# This file is autogenerated, do not edit; changes may be undone by the next 'dep ensure'.


[[projects]]
  name = "github.com/jawher/mow.cli"
  packages = ["."]
  revision = "0e80ee9f63156ea1954dc2375c33a1c7e752c25c"
  version = "v1.0.3"

[[projects]]
  name = "github.com/mattn/go-runewidth"
  packages = ["."]
  revision = "9e777a8366cce605130a531d2cd6363d07ad7317"
  version = "v0.0.2"

[[projects]]
  name = "github.com/pkg/errors"
  packages = ["."]
  revision = "645ef00459ed84a119197bfb8d8205042c6df63d"
  version = "v0.8.0"

[[projects]]
  branch = "master"
  name = "golang.org/x/net"
  packages = ["context"]
  revision = "a8b9294777976932365dabb6640cf1468d95c70f"

[[projects]]
  branch = "master"
  name = "golang.org/x/sync"
  packages = ["errgroup"]
  revision = "fd80eb99c8f653c847d294a001bdf2a3a6f768f5"

[[projects]]
  name = "gopkg.in/cheggaaa/pb.v1"
  packages = ["."]
  revision = "657164d0228d6bebe316fdf725c69f131a50fb10"
  version = "v1.0.18"

[[projects]]
  name = "gopkg.in/olivere/elastic.v5"
  packages = [".","config","uritemplates"]
  revision = "79ff368708b3a2a9da641dc831d95fd0782bf4ef"
  version = "v5.0.58"

[solve-meta]
  analyzer-name = "dep"
  analyzer-version = 1
  inputs-digest = "506c8bfb3c50bf48ebb821084e4a367d71e96ead81236a464053e99982d67352"
  solver-name = "gps-cdcl"
  solver-version = 1
